
Microsoft Visual Studio Solution File, Format Version 12.00
# Visual Studio Version 17
VisualStudioVersion = 17.1.32407.343
MinimumVisualStudioVersion = 10.0.40219.1
Project("{FAE04EC0-301F-11D3-BF4B-00C04F79EFBC}") = "22.11", "22.11\22.11.csproj", "{BBC92ABD-05B0-4096-A0F7-173818BDDD76}"
EndProject
Global
	GlobalSection(SolutionConfigurationPlatforms) = preSolution
		Debug|Any CPU = Debug|Any CPU
		Release|Any CPU = Release|Any CPU
	EndGlobalSection
	GlobalSection(ProjectConfigurationPlatforms) = postSolution
		{BBC92ABD-05B0-4096-A0F7-173818BDDD76}.Debug|Any CPU.ActiveCfg = Debug|Any CPU
		{BBC92ABD-05B0-4096-A0F7-173818BDDD76}.Debug|Any CPU.Build.0 = Debug|Any CPU
		{BBC92ABD-05B0-4096-A0F7-173818BDDD76}.Release|Any CPU.ActiveCfg = Release|Any CPU
		{BBC92ABD-05B0-4096-A0F7-173818BDDD76}.Release|Any CPU.Build.0 = Release|Any CPU
	EndGlobalSection
	GlobalSection(SolutionProperties) = preSolution
		HideSolutionNode = FALSE
	EndGlobalSection
	GlobalSection(ExtensibilityGlobals) = postSolution
		SolutionGuid = {DACA085A-7494-406C-878F-FDA444F0E19E}
	EndGlobalSection
EndGlobal
